// !$*UTF8*$!
{
	archiveVersion = 1;
	classes = {
	};
	objectVersion = 77;
	objects = {

/* Begin PBXContainerItemProxy section */
		D9680FDA2E3B3BEE00161AC0 /* PBXContainerItemProxy */ = {
			isa = PBXContainerItemProxy;
			containerPortal = D9680FC12E3B3BED00161AC0 /* Project object */;
			proxyType = 1;
			remoteGlobalIDString = D9680FC82E3B3BED00161AC0;
			remoteInfo = SecureInputField;
		};
		D9680FE42E3B3BEE00161AC0 /* PBXContainerItemProxy */ = {
			isa = PBXContainerItemProxy;
			containerPortal = D9680FC12E3B3BED00161AC0 /* Project object */;
			proxyType = 1;
			remoteGlobalIDString = D9680FC82E3B3BED00161AC0;
			remoteInfo = SecureInputField;
		};
/* End PBXContainerItemProxy section */

/* Begin PBXFileReference section */
		D9680FC92E3B3BED00161AC0 /* SecureInputField.app */ = {isa = PBXFileReference; explicitFileType = wrapper.application; includeInIndex = 0; path = SecureInputField.app; sourceTree = BUILT_PRODUCTS_DIR; };
		D9680FD92E3B3BEE00161AC0 /* SecureInputFieldTests.xctest */ = {isa = PBXFileReference; explicitFileType = wrapper.cfbundle; includeInIndex = 0; path = SecureInputFieldTests.xctest; sourceTree = BUILT_PRODUCTS_DIR; };
		D9680FE32E3B3BEE00161AC0 /* SecureInputFieldUITests.xctest */ = {isa = PBXFileReference; explicitFileType = wrapper.cfbundle; includeInIndex = 0; path = SecureInputFieldUITests.xctest; sourceTree = BUILT_PRODUCTS_DIR; };
/* End PBXFileReference section */

/* Begin PBXFileSystemSynchronizedRootGroup section */
		D9680FCB2E3B3BED00161AC0 /* SecureInputField */ = {
			isa = PBXFileSystemSynchronizedRootGroup;
			path = SecureInputField;
			sourceTree = "<group>";
		};
		D9680FDC2E3B3BEE00161AC0 /* SecureInputFieldTests */ = {
			isa = PBXFileSystemSynchronizedRootGroup;
			path = SecureInputFieldTests;
			sourceTree = "<group>";
		};
		D9680FE62E3B3BEE00161AC0 /* SecureInputFieldUITests */ = {
			isa = PBXFileSystemSynchronizedRootGroup;
			path = SecureInputFieldUITests;
			sourceTree = "<group>";
		};
/* End PBXFileSystemSynchronizedRootGroup section */

/* Begin PBXFrameworksBuildPhase section */
		D9680FC62E3B3BED00161AC0 /* Frameworks */ = {
			isa = PBXFrameworksBuildPhase;
			buildActionMask = 2147483647;
			files = (
			);
			runOnlyForDeploymentPostprocessing = 0;
		};
		D9680FD62E3B3BEE00161AC0 /* Frameworks */ = {
			isa = PBXFrameworksBuildPhase;
			buildActionMask = 2147483647;
			files = (
			);
			runOnlyForDeploymentPostprocessing = 0;
		};
		D9680FE02E3B3BEE00161AC0 /* Frameworks */ = {
			isa = PBXFrameworksBuildPhase;
			buildActionMask = 2147483647;
			files = (
			);
			runOnlyForDeploymentPostprocessing = 0;
		};
/* End PBXFrameworksBuildPhase section */

/* Begin PBXGroup section */
		D9680FC02E3B3BED00161AC0 = {
			isa = PBXGroup;
			children = (
				D9680FCB2E3B3BED00161AC0 /* SecureInputField */,
				D9680FDC2E3B3BEE00161AC0 /* SecureInputFieldTests */,
				D9680FE62E3B3BEE00161AC0 /* SecureInputFieldUITests */,
				D9680FCA2E3B3BED00161AC0 /* Products */,
			);
			sourceTree = "<group>";
		};
		D9680FCA2E3B3BED00161AC0 /* Products */ = {
			isa = PBXGroup;
			children = (
				D9680FC92E3B3BED00161AC0 /* SecureInputField.app */,
				D9680FD92E3B3BEE00161AC0 /* SecureInputFieldTests.xctest */,
				D9680FE32E3B3BEE00161AC0 /* SecureInputFieldUITests.xctest */,
			);
			name = Products;
			sourceTree = "<group>";
		};
/* End PBXGroup section */

/* Begin PBXNativeTarget section */
		D9680FC82E3B3BED00161AC0 /* SecureInputField */ = {
			isa = PBXNativeTarget;
			buildConfigurationList = D9680FED2E3B3BEE00161AC0 /* Build configuration list for PBXNativeTarget "SecureInputField" */;
			buildPhases = (
				D9680FC52E3B3BED00161AC0 /* Sources */,
				D9680FC62E3B3BED00161AC0 /* Frameworks */,
				D9680FC72E3B3BED00161AC0 /* Resources */,
			);
			buildRules = (
			);
			dependencies = (
			);
			fileSystemSynchronizedGroups = (
				D9680FCB2E3B3BED00161AC0 /* SecureInputField */,
			);
			name = SecureInputField;
			packageProductDependencies = (
			);
			productName = SecureInputField;
			productReference = D9680FC92E3B3BED00161AC0 /* SecureInputField.app */;
			productType = "com.apple.product-type.application";
		};
		D9680FD82E3B3BEE00161AC0 /* SecureInputFieldTests */ = {
			isa = PBXNativeTarget;
			buildConfigurationList = D9680FF02E3B3BEE00161AC0 /* Build configuration list for PBXNativeTarget "SecureInputFieldTests" */;
			buildPhases = (
				D9680FD52E3B3BEE00161AC0 /* Sources */,
				D9680FD62E3B3BEE00161AC0 /* Frameworks */,
				D9680FD72E3B3BEE00161AC0 /* Resources */,
			);
			buildRules = (
			);
			dependencies = (
				D9680FDB2E3B3BEE00161AC0 /* PBXTargetDependency */,
			);
			fileSystemSynchronizedGroups = (
				D9680FDC2E3B3BEE00161AC0 /* SecureInputFieldTests */,
			);
			name = SecureInputFieldTests;
			packageProductDependencies = (
			);
			productName = SecureInputFieldTests;
			productReference = D9680FD92E3B3BEE00161AC0 /* SecureInputFieldTests.xctest */;
			productType = "com.apple.product-type.bundle.unit-test";
		};
		D9680FE22E3B3BEE00161AC0 /* SecureInputFieldUITests */ = {
			isa = PBXNativeTarget;
			buildConfigurationList = D9680FF32E3B3BEE00161AC0 /* Build configuration list for PBXNativeTarget "SecureInputFieldUITests" */;
			buildPhases = (
				D9680FDF2E3B3BEE00161AC0 /* Sources */,
				D9680FE02E3B3BEE00161AC0 /* Frameworks */,
				D9680FE12E3B3BEE00161AC0 /* Resources */,
			);
			buildRules = (
			);
			dependencies = (
				D9680FE52E3B3BEE00161AC0 /* PBXTargetDependency */,
			);
			fileSystemSynchronizedGroups = (
				D9680FE62E3B3BEE00161AC0 /* SecureInputFieldUITests */,
			);
			name = SecureInputFieldUITests;
			packageProductDependencies = (
			);
			productName = SecureInputFieldUITests;
			productReference = D9680FE32E3B3BEE00161AC0 /* SecureInputFieldUITests.xctest */;
			productType = "com.apple.product-type.bundle.ui-testing";
		};
/* End PBXNativeTarget section */

/* Begin PBXProject section */
		D9680FC12E3B3BED00161AC0 /* Project object */ = {
			isa = PBXProject;
			attributes = {
				BuildIndependentTargetsInParallel = 1;
				LastSwiftUpdateCheck = 1620;
				LastUpgradeCheck = 1620;
				TargetAttributes = {
					D9680FC82E3B3BED00161AC0 = {
						CreatedOnToolsVersion = 16.2;
					};
					D9680FD82E3B3BEE00161AC0 = {
						CreatedOnToolsVersion = 16.2;
						TestTargetID = D9680FC82E3B3BED00161AC0;
					};
					D9680FE22E3B3BEE00161AC0 = {
						CreatedOnToolsVersion = 16.2;
						TestTargetID = D9680FC82E3B3BED00161AC0;
					};
				};
			};
			buildConfigurationList = D9680FC42E3B3BED00161AC0 /* Build configuration list for PBXProject "SecureInputField" */;
			developmentRegion = en;
			hasScannedForEncodings = 0;
			knownRegions = (
				en,
				Base,
			);
			mainGroup = D9680FC02E3B3BED00161AC0;
			minimizedProjectReferenceProxies = 1;
			preferredProjectObjectVersion = 77;
			productRefGroup = D9680FCA2E3B3BED00161AC0 /* Products */;
			projectDirPath = "";
			projectRoot = "";
			targets = (
				D9680FC82E3B3BED00161AC0 /* SecureInputField */,
				D9680FD82E3B3BEE00161AC0 /* SecureInputFieldTests */,
				D9680FE22E3B3BEE00161AC0 /* SecureInputFieldUITests */,
			);
		};
/* End PBXProject section */

/* Begin PBXResourcesBuildPhase section */
		D9680FC72E3B3BED00161AC0 /* Resources */ = {
			isa = PBXResourcesBuildPhase;
			buildActionMask = 2147483647;
			files = (
			);
			runOnlyForDeploymentPostprocessing = 0;
		};
		D9680FD72E3B3BEE00161AC0 /* Resources */ = {
			isa = PBXResourcesBuildPhase;
			buildActionMask = 2147483647;
			files = (
			);
			runOnlyForDeploymentPostprocessing = 0;
		};
		D9680FE12E3B3BEE00161AC0 /* Resources */ = {
			isa = PBXResourcesBuildPhase;
			buildActionMask = 2147483647;
			files = (
			);
			runOnlyForDeploymentPostprocessing = 0;
		};
/* End PBXResourcesBuildPhase section */

/* Begin PBXSourcesBuildPhase section */
		D9680FC52E3B3BED00161AC0 /* Sources */ = {
			isa = PBXSourcesBuildPhase;
			buildActionMask = 2147483647;
			files = (
			);
			runOnlyForDeploymentPostprocessing = 0;
		};
		D9680FD52E3B3BEE00161AC0 /* Sources */ = {
			isa = PBXSourcesBuildPhase;
			buildActionMask = 2147483647;
			files = (
			);
			runOnlyForDeploymentPostprocessing = 0;
		};
		D9680FDF2E3B3BEE00161AC0 /* Sources */ = {
			isa = PBXSourcesBuildPhase;
			buildActionMask = 2147483647;
			files = (
			);
			runOnlyForDeploymentPostprocessing = 0;
		};
/* End PBXSourcesBuildPhase section */

/* Begin PBXTargetDependency section */
		D9680FDB2E3B3BEE00161AC0 /* PBXTargetDependency */ = {
			isa = PBXTargetDependency;
			target = D9680FC82E3B3BED00161AC0 /* SecureInputField */;
			targetProxy = D9680FDA2E3B3BEE00161AC0 /* PBXContainerItemProxy */;
		};
		D9680FE52E3B3BEE00161AC0 /* PBXTargetDependency */ = {
			isa = PBXTargetDependency;
			target = D9680FC82E3B3BED00161AC0 /* SecureInputField */;
			targetProxy = D9680FE42E3B3BEE00161AC0 /* PBXContainerItemProxy */;
		};
/* End PBXTargetDependency section */

/* Begin XCBuildConfiguration section */
		D9680FEB2E3B3BEE00161AC0 /* Debug */ = {
			isa = XCBuildConfiguration;
			buildSettings = {
				ALWAYS_SEARCH_USER_PATHS = NO;
				ASSETCATALOG_COMPILER_GENERATE_SWIFT_ASSET_SYMBOL_EXTENSIONS = YES;
				CLANG_ANALYZER_NONNULL = YES;
				CLANG_ANALYZER_NUMBER_OBJECT_CONVERSION = YES_AGGRESSIVE;
				CLANG_CXX_LANGUAGE_STANDARD = "gnu++20";
				CLANG_ENABLE_MODULES = YES;
				CLANG_ENABLE_OBJC_ARC = YES;
				CLANG_ENABLE_OBJC_WEAK = YES;
				CLANG_WARN_BLOCK_CAPTURE_AUTORELEASING = YES;
				CLANG_WARN_BOOL_CONVERSION = YES;
				CLANG_WARN_COMMA = YES;
				CLANG_WARN_CONSTANT_CONVERSION = YES;
				CLANG_WARN_DEPRECATED_OBJC_IMPLEMENTATIONS = YES;
				CLANG_WARN_DIRECT_OBJC_ISA_USAGE = YES_ERROR;
				CLANG_WARN_DOCUMENTATION_COMMENTS = YES;
				CLANG_WARN_EMPTY_BODY = YES;
				CLANG_WARN_ENUM_CONVERSION = YES;
				CLANG_WARN_INFINITE_RECURSION = YES;
				CLANG_WARN_INT_CONVERSION = YES;
				CLANG_WARN_NON_LITERAL_NULL_CONVERSION = YES;
				CLANG_WARN_OBJC_IMPLICIT_RETAIN_SELF = YES;
				CLANG_WARN_OBJC_LITERAL_CONVERSION = YES;
				CLANG_WARN_OBJC_ROOT_CLASS = YES_ERROR;
				CLANG_WARN_QUOTED_INCLUDE_IN_FRAMEWORK_HEADER = YES;
				CLANG_WARN_RANGE_LOOP_ANALYSIS = YES;
				CLANG_WARN_STRICT_PROTOTYPES = YES;
				CLANG_WARN_SUSPICIOUS_MOVE = YES;
				CLANG_WARN_UNGUARDED_AVAILABILITY = YES_AGGRESSIVE;
				CLANG_WARN_UNREACHABLE_CODE = YES;
				CLANG_WARN__DUPLICATE_METHOD_MATCH = YES;
				COPY_PHASE_STRIP = NO;
				DEBUG_INFORMATION_FORMAT = dwarf;
				ENABLE_STRICT_OBJC_MSGSEND = YES;
				ENABLE_TESTABILITY = YES;
				ENABLE_USER_SCRIPT_SANDBOXING = YES;
				GCC_C_LANGUAGE_STANDARD = gnu17;
				GCC_DYNAMIC_NO_PIC = NO;
				GCC_NO_COMMON_BLOCKS = YES;
				GCC_OPTIMIZATION_LEVEL = 0;
				GCC_PREPROCESSOR_DEFINITIONS = (
					"DEBUG=1",
					"$(inherited)",
				);
				GCC_WARN_64_TO_32_BIT_CONVERSION = YES;
				GCC_WARN_ABOUT_RETURN_TYPE = YES_ERROR;
				GCC_WARN_UNDECLARED_SELECTOR = YES;
				GCC_WARN_UNINITIALIZED_AUTOS = YES_AGGRESSIVE;
				GCC_WARN_UNUSED_FUNCTION = YES;
				GCC_WARN_UNUSED_VARIABLE = YES;
				IPHONEOS_DEPLOYMENT_TARGET = 18.2;
				LOCALIZATION_PREFERS_STRING_CATALOGS = YES;
				MTL_ENABLE_DEBUG_INFO = INCLUDE_SOURCE;
				MTL_FAST_MATH = YES;
				ONLY_ACTIVE_ARCH = YES;
				SDKROOT = iphoneos;
				SWIFT_ACTIVE_COMPILATION_CONDITIONS = "DEBUG $(inherited)";
				SWIFT_OPTIMIZATION_LEVEL = "-Onone";
			};
			name = Debug;
		};
		D9680FEC2E3B3BEE00161AC0 /* Release */ = {
			isa = XCBuildConfiguration;
			buildSettings = {
				ALWAYS_SEARCH_USER_PATHS = NO;
				ASSETCATALOG_COMPILER_GENERATE_SWIFT_ASSET_SYMBOL_EXTENSIONS = YES;
				CLANG_ANALYZER_NONNULL = YES;
				CLANG_ANALYZER_NUMBER_OBJECT_CONVERSION = YES_AGGRESSIVE;
				CLANG_CXX_LANGUAGE_STANDARD = "gnu++20";
				CLANG_ENABLE_MODULES = YES;
				CLANG_ENABLE_OBJC_ARC = YES;
				CLANG_ENABLE_OBJC_WEAK = YES;
				CLANG_WARN_BLOCK_CAPTURE_AUTORELEASING = YES;
				CLANG_WARN_BOOL_CONVERSION = YES;
				CLANG_WARN_COMMA = YES;
				CLANG_WARN_CONSTANT_CONVERSION = YES;
				CLANG_WARN_DEPRECATED_OBJC_IMPLEMENTATIONS = YES;
				CLANG_WARN_DIRECT_OBJC_ISA_USAGE = YES_ERROR;
				CLANG_WARN_DOCUMENTATION_COMMENTS = YES;
				CLANG_WARN_EMPTY_BODY = YES;
				CLANG_WARN_ENUM_CONVERSION = YES;
				CLANG_WARN_INFINITE_RECURSION = YES;
				CLANG_WARN_INT_CONVERSION = YES;
				CLANG_WARN_NON_LITERAL_NULL_CONVERSION = YES;
				CLANG_WARN_OBJC_IMPLICIT_RETAIN_SELF = YES;
				CLANG_WARN_OBJC_LITERAL_CONVERSION = YES;
				CLANG_WARN_OBJC_ROOT_CLASS = YES_ERROR;
				CLANG_WARN_QUOTED_INCLUDE_IN_FRAMEWORK_HEADER = YES;
				CLANG_WARN_RANGE_LOOP_ANALYSIS = YES;
				CLANG_WARN_STRICT_PROTOTYPES = YES;
				CLANG_WARN_SUSPICIOUS_MOVE = YES;
				CLANG_WARN_UNGUARDED_AVAILABILITY = YES_AGGRESSIVE;
				CLANG_WARN_UNREACHABLE_CODE = YES;
				CLANG_WARN__DUPLICATE_METHOD_MATCH = YES;
				COPY_PHASE_STRIP = NO;
				DEBUG_INFORMATION_FORMAT = "dwarf-with-dsym";
				ENABLE_NS_ASSERTIONS = NO;
				ENABLE_STRICT_OBJC_MSGSEND = YES;
				ENABLE_USER_SCRIPT_SANDBOXING = YES;
				GCC_C_LANGUAGE_STANDARD = gnu17;
				GCC_NO_COMMON_BLOCKS = YES;
				GCC_WARN_64_TO_32_BIT_CONVERSION = YES;
				GCC_WARN_ABOUT_RETURN_TYPE = YES_ERROR;
				GCC_WARN_UNDECLARED_SELECTOR = YES;
				GCC_WARN_UNINITIALIZED_AUTOS = YES_AGGRESSIVE;
				GCC_WARN_UNUSED_FUNCTION = YES;
				GCC_WARN_UNUSED_VARIABLE = YES;
				IPHONEOS_DEPLOYMENT_TARGET = 18.2;
				LOCALIZATION_PREFERS_STRING_CATALOGS = YES;
				MTL_ENABLE_DEBUG_INFO = NO;
				MTL_FAST_MATH = YES;
				SDKROOT = iphoneos;
				SWIFT_COMPILATION_MODE = wholemodule;
				VALIDATE_PRODUCT = YES;
			};
			name = Release;
		};
		D9680FEE2E3B3BEE00161AC0 /* Debug */ = {
			isa = XCBuildConfiguration;
			buildSettings = {
				ASSETCATALOG_COMPILER_APPICON_NAME = AppIcon;
				ASSETCATALOG_COMPILER_GLOBAL_ACCENT_COLOR_NAME = AccentColor;
				CODE_SIGN_STYLE = Automatic;
				CURRENT_PROJECT_VERSION = 1;
				DEVELOPMENT_ASSET_PATHS = "\"SecureInputField/Preview Content\"";
				DEVELOPMENT_TEAM = JPVTQVHDY6;
				ENABLE_PREVIEWS = YES;
				GENERATE_INFOPLIST_FILE = YES;
				INFOPLIST_KEY_UIApplicationSceneManifest_Generation = YES;
				INFOPLIST_KEY_UIApplicationSupportsIndirectInputEvents = YES;
				INFOPLIST_KEY_UILaunchScreen_Generation = YES;
				INFOPLIST_KEY_UISupportedInterfaceOrientations_iPad = "UIInterfaceOrientationPortrait UIInterfaceOrientationPortraitUpsideDown UIInterfaceOrientationLandscapeLeft UIInterfaceOrientationLandscapeRight";
				INFOPLIST_KEY_UISupportedInterfaceOrientations_iPhone = "UIInterfaceOrientationPortrait UIInterfaceOrientationLandscapeLeft UIInterfaceOrientationLandscapeRight";
				LD_RUNPATH_SEARCH_PATHS = (
					"$(inherited)",
					"@executable_path/Frameworks",
				);
				MARKETING_VERSION = 1.0;
				PRODUCT_BUNDLE_IDENTIFIER = com.swiftapp.SecureInputField;
				PRODUCT_NAME = "$(TARGET_NAME)";
				SWIFT_EMIT_LOC_STRINGS = YES;
				SWIFT_VERSION = 5.0;
				TARGETED_DEVICE_FAMILY = "1,2";
			};
			name = Debug;
		};
		D9680FEF2E3B3BEE00161AC0 /* Release */ = {
			isa = XCBuildConfiguration;
			buildSettings = {
				ASSETCATALOG_COMPILER_APPICON_NAME = AppIcon;
				ASSETCATALOG_COMPILER_GLOBAL_ACCENT_COLOR_NAME = AccentColor;
				CODE_SIGN_STYLE = Automatic;
				CURRENT_PROJECT_VERSION = 1;
				DEVELOPMENT_ASSET_PATHS = "\"SecureInputField/Preview Content\"";
				DEVELOPMENT_TEAM = JPVTQVHDY6;
				ENABLE_PREVIEWS = YES;
				GENERATE_INFOPLIST_FILE = YES;
				INFOPLIST_KEY_UIApplicationSceneManifest_Generation = YES;
				INFOPLIST_KEY_UIApplicationSupportsIndirectInputEvents = YES;
				INFOPLIST_KEY_UILaunchScreen_Generation = YES;
				INFOPLIST_KEY_UISupportedInterfaceOrientations_iPad = "UIInterfaceOrientationPortrait UIInterfaceOrientationPortraitUpsideDown UIInterfaceOrientationLandscapeLeft UIInterfaceOrientationLandscapeRight";
				INFOPLIST_KEY_UISupportedInterfaceOrientations_iPhone = "UIInterfaceOrientationPortrait UIInterfaceOrientationLandscapeLeft UIInterfaceOrientationLandscapeRight";
				LD_RUNPATH_SEARCH_PATHS = (
					"$(inherited)",
					"@executable_path/Frameworks",
				);
				MARKETING_VERSION = 1.0;
				PRODUCT_BUNDLE_IDENTIFIER = com.swiftapp.SecureInputField;
				PRODUCT_NAME = "$(TARGET_NAME)";
				SWIFT_EMIT_LOC_STRINGS = YES;
				SWIFT_VERSION = 5.0;
				TARGETED_DEVICE_FAMILY = "1,2";
			};
			name = Release;
		};
		D9680FF12E3B3BEE00161AC0 /* Debug */ = {
			isa = XCBuildConfiguration;
			buildSettings = {
				BUNDLE_LOADER = "$(TEST_HOST)";
				CODE_SIGN_STYLE = Automatic;
				CURRENT_PROJECT_VERSION = 1;
				DEVELOPMENT_TEAM = JPVTQVHDY6;
				GENERATE_INFOPLIST_FILE = YES;
				IPHONEOS_DEPLOYMENT_TARGET = 18.2;
				MARKETING_VERSION = 1.0;
				PRODUCT_BUNDLE_IDENTIFIER = com.swiftapp.SecureInputFieldTests;
				PRODUCT_NAME = "$(TARGET_NAME)";
				SWIFT_EMIT_LOC_STRINGS = NO;
				SWIFT_VERSION = 5.0;
				TARGETED_DEVICE_FAMILY = "1,2";
				TEST_HOST = "$(BUILT_PRODUCTS_DIR)/SecureInputField.app/$(BUNDLE_EXECUTABLE_FOLDER_PATH)/SecureInputField";
			};
			name = Debug;
		};
		D9680FF22E3B3BEE00161AC0 /* Release */ = {
			isa = XCBuildConfiguration;
			buildSettings = {
				BUNDLE_LOADER = "$(TEST_HOST)";
				CODE_SIGN_STYLE = Automatic;
				CURRENT_PROJECT_VERSION = 1;
				DEVELOPMENT_TEAM = JPVTQVHDY6;
				GENERATE_INFOPLIST_FILE = YES;
				IPHONEOS_DEPLOYMENT_TARGET = 18.2;
				MARKETING_VERSION = 1.0;
				PRODUCT_BUNDLE_IDENTIFIER = com.swiftapp.SecureInputFieldTests;
				PRODUCT_NAME = "$(TARGET_NAME)";
				SWIFT_EMIT_LOC_STRINGS = NO;
				SWIFT_VERSION = 5.0;
				TARGETED_DEVICE_FAMILY = "1,2";
				TEST_HOST = "$(BUILT_PRODUCTS_DIR)/SecureInputField.app/$(BUNDLE_EXECUTABLE_FOLDER_PATH)/SecureInputField";
			};
			name = Release;
		};
		D9680FF42E3B3BEE00161AC0 /* Debug */ = {
			isa = XCBuildConfiguration;
			buildSettings = {
				CODE_SIGN_STYLE = Automatic;
				CURRENT_PROJECT_VERSION = 1;
				DEVELOPMENT_TEAM = JPVTQVHDY6;
				GENERATE_INFOPLIST_FILE = YES;
				MARKETING_VERSION = 1.0;
				PRODUCT_BUNDLE_IDENTIFIER = com.swiftapp.SecureInputFieldUITests;
				PRODUCT_NAME = "$(TARGET_NAME)";
				SWIFT_EMIT_LOC_STRINGS = NO;
				SWIFT_VERSION = 5.0;
				TARGETED_DEVICE_FAMILY = "1,2";
				TEST_TARGET_NAME = SecureInputField;
			};
			name = Debug;
		};
		D9680FF52E3B3BEE00161AC0 /* Release */ = {
			isa = XCBuildConfiguration;
			buildSettings = {
				CODE_SIGN_STYLE = Automatic;
				CURRENT_PROJECT_VERSION = 1;
				DEVELOPMENT_TEAM = JPVTQVHDY6;
				GENERATE_INFOPLIST_FILE = YES;
				MARKETING_VERSION = 1.0;
				PRODUCT_BUNDLE_IDENTIFIER = com.swiftapp.SecureInputFieldUITests;
				PRODUCT_NAME = "$(TARGET_NAME)";
				SWIFT_EMIT_LOC_STRINGS = NO;
				SWIFT_VERSION = 5.0;
				TARGETED_DEVICE_FAMILY = "1,2";
				TEST_TARGET_NAME = SecureInputField;
			};
			name = Release;
		};
/* End XCBuildConfiguration section */

/* Begin XCConfigurationList section */
		D9680FC42E3B3BED00161AC0 /* Build configuration list for PBXProject "SecureInputField" */ = {
			isa = XCConfigurationList;
			buildConfigurations = (
				D9680FEB2E3B3BEE00161AC0 /* Debug */,
				D9680FEC2E3B3BEE00161AC0 /* Release */,
			);
			defaultConfigurationIsVisible = 0;
			defaultConfigurationName = Release;
		};
		D9680FED2E3B3BEE00161AC0 /* Build configuration list for PBXNativeTarget "SecureInputField" */ = {
			isa = XCConfigurationList;
			buildConfigurations = (
				D9680FEE2E3B3BEE00161AC0 /* Debug */,
				D9680FEF2E3B3BEE00161AC0 /* Release */,
			);
			defaultConfigurationIsVisible = 0;
			defaultConfigurationName = Release;
		};
		D9680FF02E3B3BEE00161AC0 /* Build configuration list for PBXNativeTarget "SecureInputFieldTests" */ = {
			isa = XCConfigurationList;
			buildConfigurations = (
				D9680FF12E3B3BEE00161AC0 /* Debug */,
				D9680FF22E3B3BEE00161AC0 /* Release */,
			);
			defaultConfigurationIsVisible = 0;
			defaultConfigurationName = Release;
		};
		D9680FF32E3B3BEE00161AC0 /* Build configuration list for PBXNativeTarget "SecureInputFieldUITests" */ = {
			isa = XCConfigurationList;
			buildConfigurations = (
				D9680FF42E3B3BEE00161AC0 /* Debug */,
				D9680FF52E3B3BEE00161AC0 /* Release */,
			);
			defaultConfigurationIsVisible = 0;
			defaultConfigurationName = Release;
		};
/* End XCConfigurationList section */
	};
	rootObject = D9680FC12E3B3BED00161AC0 /* Project object */;
}
